{
  "nodes": {
    "nixpkgs": {
      "locked": {
        "lastModified": 1639435656,
        "narHash": "sha256-wy29523wQL5M45lOAhHmr2Fprr2BpB6AV8AnwRmyO6c=",
        "owner": "NixOS",
        "repo": "nixpkgs",
        "rev": "cfdb99fe18ac0c01872c5fbebfae6202d7a75ab2",
        "type": "github"
      },
      "original": {
        "owner": "NixOS",
        "ref": "nixos-unstable",
        "repo": "nixpkgs",
        "type": "github"
      }
    },
    "root": {
      "inputs": {
        "nixpkgs": "nixpkgs",
        "utils": "utils"
      }
    },
    "utils": {
      "locked": {
        "lastModified": 1633020561,
        "narHash": "sha256-4uAiRqL9nP3d/NQ8VBqjQ5iZypHaM+X/FyWpXVXkwTA=",
        "owner": "kreisys",
        "repo": "flake-utils",
        "rev": "2923532a276a5595ee64376ec1b3db6ed8503c52",
        "type": "github"
      },
      "original": {
        "owner": "kreisys",
        "repo": "flake-utils",
        "type": "github"
      }
    }
  },
  "root": "root",
  "version": 7
}
